// !$*UTF8*$!
{
	archiveVersion = 1;
	classes = {
	};
	objectVersion = 50;
	objects = {

/* Begin PBXBuildFile section */
		4197E34E20D82E3300C0EEF6 /* AppDelegate.swift in Sources */ = {isa = PBXBuildFile; fileRef = 4197E34D20D82E3300C0EEF6 /* AppDelegate.swift */; };
		4197E35020D82E3300C0EEF6 /* MainViewController.swift in Sources */ = {isa = PBXBuildFile; fileRef = 4197E34F20D82E3300C0EEF6 /* MainViewController.swift */; };
		4197E35320D82E3300C0EEF6 /* Main.storyboard in Resources */ = {isa = PBXBuildFile; fileRef = 4197E35120D82E3300C0EEF6 /* Main.storyboard */; };
		4197E35520D82E3500C0EEF6 /* Assets.xcassets in Resources */ = {isa = PBXBuildFile; fileRef = 4197E35420D82E3500C0EEF6 /* Assets.xcassets */; };
		4197E35820D82E3500C0EEF6 /* LaunchScreen.storyboard in Resources */ = {isa = PBXBuildFile; fileRef = 4197E35620D82E3500C0EEF6 /* LaunchScreen.storyboard */; };
		4197E36E20D82F6300C0EEF6 /* SpringView.swift in Sources */ = {isa = PBXBuildFile; fileRef = 4197E36C20D82F6300C0EEF6 /* SpringView.swift */; };
		4197E36F20D82F6300C0EEF6 /* SpringViewDelegate.swift in Sources */ = {isa = PBXBuildFile; fileRef = 4197E36D20D82F6300C0EEF6 /* SpringViewDelegate.swift */; };
		4197E37120D8339500C0EEF6 /* ExampleViewController.swift in Sources */ = {isa = PBXBuildFile; fileRef = 4197E37020D8339500C0EEF6 /* ExampleViewController.swift */; };
/* End PBXBuildFile section */

/* Begin PBXFileReference section */
		4197E34A20D82E3300C0EEF6 /* SpringViewExample.app */ = {isa = PBXFileReference; explicitFileType = wrapper.application; includeInIndex = 0; path = SpringViewExample.app; sourceTree = BUILT_PRODUCTS_DIR; };
		4197E34D20D82E3300C0EEF6 /* AppDelegate.swift */ = {isa = PBXFileReference; lastKnownFileType = sourcecode.swift; path = AppDelegate.swift; sourceTree = "<group>"; };
		4197E34F20D82E3300C0EEF6 /* MainViewController.swift */ = {isa = PBXFileReference; lastKnownFileType = sourcecode.swift; path = MainViewController.swift; sourceTree = "<group>"; };
		4197E35220D82E3300C0EEF6 /* Base */ = {isa = PBXFileReference; lastKnownFileType = file.storyboard; name = Base; path = Base.lproj/Main.storyboard; sourceTree = "<group>"; };
		4197E35420D82E3500C0EEF6 /* Assets.xcassets */ = {isa = PBXFileReference; lastKnownFileType = folder.assetcatalog; path = Assets.xcassets; sourceTree = "<group>"; };
		4197E35720D82E3500C0EEF6 /* Base */ = {isa = PBXFileReference; lastKnownFileType = file.storyboard; name = Base; path = Base.lproj/LaunchScreen.storyboard; sourceTree = "<group>"; };
		4197E35920D82E3500C0EEF6 /* Info.plist */ = {isa = PBXFileReference; lastKnownFileType = text.plist.xml; path = Info.plist; sourceTree = "<group>"; };
		4197E36C20D82F6300C0EEF6 /* SpringView.swift */ = {isa = PBXFileReference; fileEncoding = 4; lastKnownFileType = sourcecode.swift; path = SpringView.swift; sourceTree = "<group>"; };
		4197E36D20D82F6300C0EEF6 /* SpringViewDelegate.swift */ = {isa = PBXFileReference; fileEncoding = 4; lastKnownFileType = sourcecode.swift; path = SpringViewDelegate.swift; sourceTree = "<group>"; };
		4197E37020D8339500C0EEF6 /* ExampleViewController.swift */ = {isa = PBXFileReference; lastKnownFileType = sourcecode.swift; path = ExampleViewController.swift; sourceTree = "<group>"; };
/* End PBXFileReference section */

/* Begin PBXFrameworksBuildPhase section */
		4197E34720D82E3300C0EEF6 /* Frameworks */ = {
			isa = PBXFrameworksBuildPhase;
			buildActionMask = 2147483647;
			files = (
			);
			runOnlyForDeploymentPostprocessing = 0;
		};
/* End PBXFrameworksBuildPhase section */

/* Begin PBXGroup section */
		4197E34120D82E3300C0EEF6 = {
			isa = PBXGroup;
			children = (
				4197E34C20D82E3300C0EEF6 /* SpringViewExample */,
				4197E34B20D82E3300C0EEF6 /* Products */,
			);
			sourceTree = "<group>";
		};
		4197E34B20D82E3300C0EEF6 /* Products */ = {
			isa = PBXGroup;
			children = (
				4197E34A20D82E3300C0EEF6 /* SpringViewExample.app */,
			);
			name = Products;
			sourceTree = "<group>";
		};
		4197E34C20D82E3300C0EEF6 /* SpringViewExample */ = {
			isa = PBXGroup;
			children = (
				4197E36B20D82F6300C0EEF6 /* SpringView */,
				4197E34D20D82E3300C0EEF6 /* AppDelegate.swift */,
				4197E37020D8339500C0EEF6 /* ExampleViewController.swift */,
				4197E34F20D82E3300C0EEF6 /* MainViewController.swift */,
				4197E35120D82E3300C0EEF6 /* Main.storyboard */,
				4197E35420D82E3500C0EEF6 /* Assets.xcassets */,
				4197E35620D82E3500C0EEF6 /* LaunchScreen.storyboard */,
				4197E35920D82E3500C0EEF6 /* Info.plist */,
			);
			path = SpringViewExample;
			sourceTree = "<group>";
		};
		4197E36B20D82F6300C0EEF6 /* SpringView */ = {
			isa = PBXGroup;
			children = (
				4197E36C20D82F6300C0EEF6 /* SpringView.swift */,
				4197E36D20D82F6300C0EEF6 /* SpringViewDelegate.swift */,
			);
			path = SpringView;
			sourceTree = "<group>";
		};
/* End PBXGroup section */

/* Begin PBXNativeTarget section */
		4197E34920D82E3300C0EEF6 /* SpringViewExample */ = {
			isa = PBXNativeTarget;
			buildConfigurationList = 4197E35C20D82E3500C0EEF6 /* Build configuration list for PBXNativeTarget "SpringViewExample" */;
			buildPhases = (
				4197E34620D82E3300C0EEF6 /* Sources */,
				4197E34720D82E3300C0EEF6 /* Frameworks */,
				4197E34820D82E3300C0EEF6 /* Resources */,
			);
			buildRules = (
			);
			dependencies = (
			);
			name = SpringViewExample;
			productName = SpringViewExample;
			productReference = 4197E34A20D82E3300C0EEF6 /* SpringViewExample.app */;
			productType = "com.apple.product-type.application";
		};
/* End PBXNativeTarget section */

/* Begin PBXProject section */
		4197E34220D82E3300C0EEF6 /* Project object */ = {
			isa = PBXProject;
			attributes = {
				LastSwiftUpdateCheck = 0940;
				LastUpgradeCheck = 0940;
				ORGANIZATIONNAME = "Lucas Assis Rodrigues";
				TargetAttributes = {
					4197E34920D82E3300C0EEF6 = {
						CreatedOnToolsVersion = 9.4;
					};
				};
			};
			buildConfigurationList = 4197E34520D82E3300C0EEF6 /* Build configuration list for PBXProject "SpringViewExample" */;
			compatibilityVersion = "Xcode 9.3";
			developmentRegion = en;
			hasScannedForEncodings = 0;
			knownRegions = (
				en,
				Base,
			);
			mainGroup = 4197E34120D82E3300C0EEF6;
			productRefGroup = 4197E34B20D82E3300C0EEF6 /* Products */;
			projectDirPath = "";
			projectRoot = "";
			targets = (
				4197E34920D82E3300C0EEF6 /* SpringViewExample */,
			);
		};
/* End PBXProject section */

/* Begin PBXResourcesBuildPhase section */
		4197E34820D82E3300C0EEF6 /* Resources */ = {
			isa = PBXResourcesBuildPhase;
			buildActionMask = 2147483647;
			files = (
				4197E35820D82E3500C0EEF6 /* LaunchScreen.storyboard in Resources */,
				4197E35520D82E3500C0EEF6 /* Assets.xcassets in Resources */,
				4197E35320D82E3300C0EEF6 /* Main.storyboard in Resources */,
			);
			runOnlyForDeploymentPostprocessing = 0;
		};
/* End PBXResourcesBuildPhase section */

/* Begin PBXSourcesBuildPhase section */
		4197E34620D82E3300C0EEF6 /* Sources */ = {
			isa = PBXSourcesBuildPhase;
			buildActionMask = 2147483647;
			files = (
				4197E36F20D82F6300C0EEF6 /* SpringViewDelegate.swift in Sources */,
				4197E35020D82E3300C0EEF6 /* MainViewController.swift in Sources */,
				4197E34E20D82E3300C0EEF6 /* AppDelegate.swift in Sources */,
				4197E36E20D82F6300C0EEF6 /* SpringView.swift in Sources */,
				4197E37120D8339500C0EEF6 /* ExampleViewController.swift in Sources */,
			);
			runOnlyForDeploymentPostprocessing = 0;
		};
/* End PBXSourcesBuildPhase section */

/* Begin PBXVariantGroup section */
		4197E35120D82E3300C0EEF6 /* Main.storyboard */ = {
			isa = PBXVariantGroup;
			children = (
				4197E35220D82E3300C0EEF6 /* Base */,
			);
			name = Main.storyboard;
			sourceTree = "<group>";
		};
		4197E35620D82E3500C0EEF6 /* LaunchScreen.storyboard */ = {
			isa = PBXVariantGroup;
			children = (
				4197E35720D82E3500C0EEF6 /* Base */,
			);
			name = LaunchScreen.storyboard;
			sourceTree = "<group>";
		};
/* End PBXVariantGroup section */

/* Begin XCBuildConfiguration section */
		4197E35A20D82E3500C0EEF6 /* Debug */ = {
			isa = XCBuildConfiguration;
			buildSettings = {
				ALWAYS_SEARCH_USER_PATHS = NO;
				CLANG_ANALYZER_NONNULL = YES;
				CLANG_ANALYZER_NUMBER_OBJECT_CONVERSION = YES_AGGRESSIVE;
				CLANG_CXX_LANGUAGE_STANDARD = "gnu++14";
				CLANG_CXX_LIBRARY = "libc++";
				CLANG_ENABLE_MODULES = YES;
				CLANG_ENABLE_OBJC_ARC = YES;
				CLANG_ENABLE_OBJC_WEAK = YES;
				CLANG_WARN_BLOCK_CAPTURE_AUTORELEASING = YES;
				CLANG_WARN_BOOL_CONVERSION = YES;
				CLANG_WARN_COMMA = YES;
				CLANG_WARN_CONSTANT_CONVERSION = YES;
				CLANG_WARN_DEPRECATED_OBJC_IMPLEMENTATIONS = YES;
				CLANG_WARN_DIRECT_OBJC_ISA_USAGE = YES_ERROR;
				CLANG_WARN_DOCUMENTATION_COMMENTS = YES;
				CLANG_WARN_EMPTY_BODY = YES;
				CLANG_WARN_ENUM_CONVERSION = YES;
				CLANG_WARN_INFINITE_RECURSION = YES;
				CLANG_WARN_INT_CONVERSION = YES;
				CLANG_WARN_NON_LITERAL_NULL_CONVERSION = YES;
				CLANG_WARN_OBJC_IMPLICIT_RETAIN_SELF = YES;
				CLANG_WARN_OBJC_LITERAL_CONVERSION = YES;
				CLANG_WARN_OBJC_ROOT_CLASS = YES_ERROR;
				CLANG_WARN_RANGE_LOOP_ANALYSIS = YES;
				CLANG_WARN_STRICT_PROTOTYPES = YES;
				CLANG_WARN_SUSPICIOUS_MOVE = YES;
				CLANG_WARN_UNGUARDED_AVAILABILITY = YES_AGGRESSIVE;
				CLANG_WARN_UNREACHABLE_CODE = YES;
				CLANG_WARN__DUPLICATE_METHOD_MATCH = YES;
				CODE_SIGN_IDENTITY = "iPhone Developer";
				COPY_PHASE_STRIP = NO;
				DEBUG_INFORMATION_FORMAT = dwarf;
				ENABLE_STRICT_OBJC_MSGSEND = YES;
				ENABLE_TESTABILITY = YES;
				GCC_C_LANGUAGE_STANDARD = gnu11;
				GCC_DYNAMIC_NO_PIC = NO;
				GCC_NO_COMMON_BLOCKS = YES;
				GCC_OPTIMIZATION_LEVEL = 0;
				GCC_PREPROCESSOR_DEFINITIONS = (
					"DEBUG=1",
					"$(inherited)",
				);
				GCC_WARN_64_TO_32_BIT_CONVERSION = YES;
				GCC_WARN_ABOUT_RETURN_TYPE = YES_ERROR;
				GCC_WARN_UNDECLARED_SELECTOR = YES;
				GCC_WARN_UNINITIALIZED_AUTOS = YES_AGGRESSIVE;
				GCC_WARN_UNUSED_FUNCTION = YES;
				GCC_WARN_UNUSED_VARIABLE = YES;
				IPHONEOS_DEPLOYMENT_TARGET = 11.4;
				MTL_ENABLE_DEBUG_INFO = YES;
				ONLY_ACTIVE_ARCH = YES;
				SDKROOT = iphoneos;
				SWIFT_ACTIVE_COMPILATION_CONDITIONS = DEBUG;
				SWIFT_OPTIMIZATION_LEVEL = "-Onone";
			};
			name = Debug;
		};
		4197E35B20D82E3500C0EEF6 /* Release */ = {
			isa = XCBuildConfiguration;
			buildSettings = {
				ALWAYS_SEARCH_USER_PATHS = NO;
				CLANG_ANALYZER_NONNULL = YES;
				CLANG_ANALYZER_NUMBER_OBJECT_CONVERSION = YES_AGGRESSIVE;
				CLANG_CXX_LANGUAGE_STANDARD = "gnu++14";
				CLANG_CXX_LIBRARY = "libc++";
				CLANG_ENABLE_MODULES = YES;
				CLANG_ENABLE_OBJC_ARC = YES;
				CLANG_ENABLE_OBJC_WEAK = YES;
				CLANG_WARN_BLOCK_CAPTURE_AUTORELEASING = YES;
				CLANG_WARN_BOOL_CONVERSION = YES;
				CLANG_WARN_COMMA = YES;
				CLANG_WARN_CONSTANT_CONVERSION = YES;
				CLANG_WARN_DEPRECATED_OBJC_IMPLEMENTATIONS = YES;
				CLANG_WARN_DIRECT_OBJC_ISA_USAGE = YES_ERROR;
				CLANG_WARN_DOCUMENTATION_COMMENTS = YES;
				CLANG_WARN_EMPTY_BODY = YES;
				CLANG_WARN_ENUM_CONVERSION = YES;
				CLANG_WARN_INFINITE_RECURSION = YES;
				CLANG_WARN_INT_CONVERSION = YES;
				CLANG_WARN_NON_LITERAL_NULL_CONVERSION = YES;
				CLANG_WARN_OBJC_IMPLICIT_RETAIN_SELF = YES;
				CLANG_WARN_OBJC_LITERAL_CONVERSION = YES;
				CLANG_WARN_OBJC_ROOT_CLASS = YES_ERROR;
				CLANG_WARN_RANGE_LOOP_ANALYSIS = YES;
				CLANG_WARN_STRICT_PROTOTYPES = YES;
				CLANG_WARN_SUSPICIOUS_MOVE = YES;
				CLANG_WARN_UNGUARDED_AVAILABILITY = YES_AGGRESSIVE;
				CLANG_WARN_UNREACHABLE_CODE = YES;
				CLANG_WARN__DUPLICATE_METHOD_MATCH = YES;
				CODE_SIGN_IDENTITY = "iPhone Developer";
				COPY_PHASE_STRIP = NO;
				DEBUG_INFORMATION_FORMAT = "dwarf-with-dsym";
				ENABLE_NS_ASSERTIONS = NO;
				ENABLE_STRICT_OBJC_MSGSEND = YES;
				GCC_C_LANGUAGE_STANDARD = gnu11;
				GCC_NO_COMMON_BLOCKS = YES;
				GCC_WARN_64_TO_32_BIT_CONVERSION = YES;
				GCC_WARN_ABOUT_RETURN_TYPE = YES_ERROR;
				GCC_WARN_UNDECLARED_SELECTOR = YES;
				GCC_WARN_UNINITIALIZED_AUTOS = YES_AGGRESSIVE;
				GCC_WARN_UNUSED_FUNCTION = YES;
				GCC_WARN_UNUSED_VARIABLE = YES;
				IPHONEOS_DEPLOYMENT_TARGET = 11.4;
				MTL_ENABLE_DEBUG_INFO = NO;
				SDKROOT = iphoneos;
				SWIFT_COMPILATION_MODE = wholemodule;
				SWIFT_OPTIMIZATION_LEVEL = "-O";
				VALIDATE_PRODUCT = YES;
			};
			name = Release;
		};
		4197E35D20D82E3500C0EEF6 /* Debug */ = {
			isa = XCBuildConfiguration;
			buildSettings = {
				ASSETCATALOG_COMPILER_APPICON_NAME = AppIcon;
				CODE_SIGN_STYLE = Automatic;
				DEVELOPMENT_TEAM = HH88N3P4EZ;
				INFOPLIST_FILE = SpringViewExample/Info.plist;
				LD_RUNPATH_SEARCH_PATHS = (
					"$(inherited)",
					"@executable_path/Frameworks",
				);
				PRODUCT_BUNDLE_IDENTIFIER = io.github.lucasassisro.SpringViewExample;
				PRODUCT_NAME = "$(TARGET_NAME)";
				SWIFT_VERSION = 4.0;
				TARGETED_DEVICE_FAMILY = "1,2";
			};
			name = Debug;
		};
		4197E35E20D82E3500C0EEF6 /* Release */ = {
			isa = XCBuildConfiguration;
			buildSettings = {
				ASSETCATALOG_COMPILER_APPICON_NAME = AppIcon;
				CODE_SIGN_STYLE = Automatic;
				DEVELOPMENT_TEAM = HH88N3P4EZ;
				INFOPLIST_FILE = SpringViewExample/Info.plist;
				LD_RUNPATH_SEARCH_PATHS = (
					"$(inherited)",
					"@executable_path/Frameworks",
				);
				PRODUCT_BUNDLE_IDENTIFIER = io.github.lucasassisro.SpringViewExample;
				PRODUCT_NAME = "$(TARGET_NAME)";
				SWIFT_VERSION = 4.0;
				TARGETED_DEVICE_FAMILY = "1,2";
			};
			name = Release;
		};
/* End XCBuildConfiguration section */

/* Begin XCConfigurationList section */
		4197E34520D82E3300C0EEF6 /* Build configuration list for PBXProject "SpringViewExample" */ = {
			isa = XCConfigurationList;
			buildConfigurations = (
				4197E35A20D82E3500C0EEF6 /* Debug */,
				4197E35B20D82E3500C0EEF6 /* Release */,
			);
			defaultConfigurationIsVisible = 0;
			defaultConfigurationName = Release;
		};
		4197E35C20D82E3500C0EEF6 /* Build configuration list for PBXNativeTarget "SpringViewExample" */ = {
			isa = XCConfigurationList;
			buildConfigurations = (
				4197E35D20D82E3500C0EEF6 /* Debug */,
				4197E35E20D82E3500C0EEF6 /* Release */,
			);
			defaultConfigurationIsVisible = 0;
			defaultConfigurationName = Release;
		};
/* End XCConfigurationList section */
	};
	rootObject = 4197E34220D82E3300C0EEF6 /* Project object */;
}
